// !$*UTF8*$!
{
	archiveVersion = 1;
	classes = {
	};
	objectVersion = 50;
	objects = {

/* Begin PBXBuildFile section */
		4A44E284252326DC00CE3540 /* AppDelegate.swift in Sources */ = {isa = PBXBuildFile; fileRef = 4A44E283252326DC00CE3540 /* AppDelegate.swift */; };
		4A44E286252326DC00CE3540 /* SceneDelegate.swift in Sources */ = {isa = PBXBuildFile; fileRef = 4A44E285252326DC00CE3540 /* SceneDelegate.swift */; };
		4A44E288252326DC00CE3540 /* ViewController.swift in Sources */ = {isa = PBXBuildFile; fileRef = 4A44E287252326DC00CE3540 /* ViewController.swift */; };
		4A44E28B252326DC00CE3540 /* Main.storyboard in Resources */ = {isa = PBXBuildFile; fileRef = 4A44E289252326DC00CE3540 /* Main.storyboard */; };
		4A44E28D252326DF00CE3540 /* Assets.xcassets in Resources */ = {isa = PBXBuildFile; fileRef = 4A44E28C252326DF00CE3540 /* Assets.xcassets */; };
		4A44E290252326DF00CE3540 /* LaunchScreen.storyboard in Resources */ = {isa = PBXBuildFile; fileRef = 4A44E28E252326DF00CE3540 /* LaunchScreen.storyboard */; };
		4A44E2AF2524610600CE3540 /* TableViewController.swift in Sources */ = {isa = PBXBuildFile; fileRef = 4A44E2AD2524610600CE3540 /* TableViewController.swift */; };
		4A44E2B02524610600CE3540 /* TableViewController.xib in Resources */ = {isa = PBXBuildFile; fileRef = 4A44E2AE2524610600CE3540 /* TableViewController.xib */; };
		4A44E2B3252461A100CE3540 /* TableViewHeaderView.swift in Sources */ = {isa = PBXBuildFile; fileRef = 4A44E2B2252461A100CE3540 /* TableViewHeaderView.swift */; };
		4A44E2B5252461B300CE3540 /* TableViewHeaderView.xib in Resources */ = {isa = PBXBuildFile; fileRef = 4A44E2B4252461B300CE3540 /* TableViewHeaderView.xib */; };
		4A44E2B8252462A100CE3540 /* TableViewCell.swift in Sources */ = {isa = PBXBuildFile; fileRef = 4A44E2B6252462A100CE3540 /* TableViewCell.swift */; };
		4A44E2B9252462A100CE3540 /* TableViewCell.xib in Resources */ = {isa = PBXBuildFile; fileRef = 4A44E2B7252462A100CE3540 /* TableViewCell.xib */; };
		4A44E2BD2524637100CE3540 /* TableViewViewModel.swift in Sources */ = {isa = PBXBuildFile; fileRef = 4A44E2BC2524637100CE3540 /* TableViewViewModel.swift */; };
		4A44E2C325246FA300CE3540 /* TableViewSectionType.swift in Sources */ = {isa = PBXBuildFile; fileRef = 4A44E2C225246FA300CE3540 /* TableViewSectionType.swift */; };
		4A44E2C42524730F00CE3540 /* IRCollectionTableViewModel_swift.framework in Frameworks */ = {isa = PBXBuildFile; fileRef = 4A44E29C252326F400CE3540 /* IRCollectionTableViewModel_swift.framework */; };
		4A44E2C52524731000CE3540 /* IRCollectionTableViewModel_swift.framework in Embed Frameworks */ = {isa = PBXBuildFile; fileRef = 4A44E29C252326F400CE3540 /* IRCollectionTableViewModel_swift.framework */; settings = {ATTRIBUTES = (CodeSignOnCopy, RemoveHeadersOnCopy, ); }; };
		4A48753F25E0E84400BE80D4 /* CollectionViewController.swift in Sources */ = {isa = PBXBuildFile; fileRef = 4A48753D25E0E84400BE80D4 /* CollectionViewController.swift */; };
		4A48754025E0E84400BE80D4 /* CollectionViewController.xib in Resources */ = {isa = PBXBuildFile; fileRef = 4A48753E25E0E84400BE80D4 /* CollectionViewController.xib */; };
		4A48754425E0E89600BE80D4 /* CollectionBrowser.swift in Sources */ = {isa = PBXBuildFile; fileRef = 4A48754325E0E89600BE80D4 /* CollectionBrowser.swift */; };
		4A48754625E0E89F00BE80D4 /* CollectionBrowser.xib in Resources */ = {isa = PBXBuildFile; fileRef = 4A48754525E0E89F00BE80D4 /* CollectionBrowser.xib */; };
		4A48754A25E0E8D000BE80D4 /* CollectionBrowserViewModel.swift in Sources */ = {isa = PBXBuildFile; fileRef = 4A48754925E0E8D000BE80D4 /* CollectionBrowserViewModel.swift */; };
		4A48754C25E0E8F800BE80D4 /* MonitorableFolderClass.swift in Sources */ = {isa = PBXBuildFile; fileRef = 4A48754B25E0E8F800BE80D4 /* MonitorableFolderClass.swift */; };
		4A48754E25E0E90200BE80D4 /* MonitorableFileClass.swift in Sources */ = {isa = PBXBuildFile; fileRef = 4A48754D25E0E90200BE80D4 /* MonitorableFileClass.swift */; };
		4A48755025E0E91300BE80D4 /* Monitorable.swift in Sources */ = {isa = PBXBuildFile; fileRef = 4A48754F25E0E91300BE80D4 /* Monitorable.swift */; };
		4A48755225E0E93600BE80D4 /* MonitorBrowserSectionType.swift in Sources */ = {isa = PBXBuildFile; fileRef = 4A48755125E0E93600BE80D4 /* MonitorBrowserSectionType.swift */; };
		4A48755425E0E94F00BE80D4 /* MonitorHeaderView.swift in Sources */ = {isa = PBXBuildFile; fileRef = 4A48755325E0E94F00BE80D4 /* MonitorHeaderView.swift */; };
		4A48755625E0E95700BE80D4 /* MonitorHeaderView.xib in Resources */ = {isa = PBXBuildFile; fileRef = 4A48755525E0E95700BE80D4 /* MonitorHeaderView.xib */; };
		4A48755925E0E96C00BE80D4 /* MonitorFolderTableViewCell.swift in Sources */ = {isa = PBXBuildFile; fileRef = 4A48755725E0E96C00BE80D4 /* MonitorFolderTableViewCell.swift */; };
		4A48755A25E0E96C00BE80D4 /* MonitorFolderTableViewCell.xib in Resources */ = {isa = PBXBuildFile; fileRef = 4A48755825E0E96C00BE80D4 /* MonitorFolderTableViewCell.xib */; };
		4A48755D25E0E97C00BE80D4 /* MonitorFileTableViewCell.swift in Sources */ = {isa = PBXBuildFile; fileRef = 4A48755B25E0E97C00BE80D4 /* MonitorFileTableViewCell.swift */; };
		4A48755E25E0E97C00BE80D4 /* MonitorFileTableViewCell.xib in Resources */ = {isa = PBXBuildFile; fileRef = 4A48755C25E0E97C00BE80D4 /* MonitorFileTableViewCell.xib */; };
		4A48756125E0E99500BE80D4 /* MonitorFileCollectionViewCell.swift in Sources */ = {isa = PBXBuildFile; fileRef = 4A48755F25E0E99500BE80D4 /* MonitorFileCollectionViewCell.swift */; };
		4A48756225E0E99500BE80D4 /* MonitorFileCollectionViewCell.xib in Resources */ = {isa = PBXBuildFile; fileRef = 4A48756025E0E99500BE80D4 /* MonitorFileCollectionViewCell.xib */; };
		4A48756525E0E9AE00BE80D4 /* MonitorFolderCollectionViewCell.swift in Sources */ = {isa = PBXBuildFile; fileRef = 4A48756325E0E9AE00BE80D4 /* MonitorFolderCollectionViewCell.swift */; };
		4A48756625E0E9AE00BE80D4 /* MonitorFolderCollectionViewCell.xib in Resources */ = {isa = PBXBuildFile; fileRef = 4A48756425E0E9AE00BE80D4 /* MonitorFolderCollectionViewCell.xib */; };
		4A48756825E0E9D100BE80D4 /* CustomCollectionView.swift in Sources */ = {isa = PBXBuildFile; fileRef = 4A48756725E0E9D100BE80D4 /* CustomCollectionView.swift */; };
/* End PBXBuildFile section */

/* Begin PBXContainerItemProxy section */
		4A44E29B252326F400CE3540 /* PBXContainerItemProxy */ = {
			isa = PBXContainerItemProxy;
			containerPortal = 4A44E297252326F400CE3540 /* IRCollectionTableViewModel-swift.xcodeproj */;
			proxyType = 2;
			remoteGlobalIDString = 4A44E26C252326C000CE3540;
			remoteInfo = "IRCollectionTableViewModel-swift";
		};
/* End PBXContainerItemProxy section */

/* Begin PBXCopyFilesBuildPhase section */
		4A44E2C62524731000CE3540 /* Embed Frameworks */ = {
			isa = PBXCopyFilesBuildPhase;
			buildActionMask = 2147483647;
			dstPath = "";
			dstSubfolderSpec = 10;
			files = (
				4A44E2C52524731000CE3540 /* IRCollectionTableViewModel_swift.framework in Embed Frameworks */,
			);
			name = "Embed Frameworks";
			runOnlyForDeploymentPostprocessing = 0;
		};
/* End PBXCopyFilesBuildPhase section */

/* Begin PBXFileReference section */
		4A44E280252326DC00CE3540 /* demo.app */ = {isa = PBXFileReference; explicitFileType = wrapper.application; includeInIndex = 0; path = demo.app; sourceTree = BUILT_PRODUCTS_DIR; };
		4A44E283252326DC00CE3540 /* AppDelegate.swift */ = {isa = PBXFileReference; lastKnownFileType = sourcecode.swift; path = AppDelegate.swift; sourceTree = "<group>"; };
		4A44E285252326DC00CE3540 /* SceneDelegate.swift */ = {isa = PBXFileReference; lastKnownFileType = sourcecode.swift; path = SceneDelegate.swift; sourceTree = "<group>"; };
		4A44E287252326DC00CE3540 /* ViewController.swift */ = {isa = PBXFileReference; lastKnownFileType = sourcecode.swift; path = ViewController.swift; sourceTree = "<group>"; };
		4A44E28A252326DC00CE3540 /* Base */ = {isa = PBXFileReference; lastKnownFileType = file.storyboard; name = Base; path = Base.lproj/Main.storyboard; sourceTree = "<group>"; };
		4A44E28C252326DF00CE3540 /* Assets.xcassets */ = {isa = PBXFileReference; lastKnownFileType = folder.assetcatalog; path = Assets.xcassets; sourceTree = "<group>"; };
		4A44E28F252326DF00CE3540 /* Base */ = {isa = PBXFileReference; lastKnownFileType = file.storyboard; name = Base; path = Base.lproj/LaunchScreen.storyboard; sourceTree = "<group>"; };
		4A44E291252326DF00CE3540 /* Info.plist */ = {isa = PBXFileReference; lastKnownFileType = text.plist.xml; path = Info.plist; sourceTree = "<group>"; };
		4A44E297252326F400CE3540 /* IRCollectionTableViewModel-swift.xcodeproj */ = {isa = PBXFileReference; lastKnownFileType = "wrapper.pb-project"; name = "IRCollectionTableViewModel-swift.xcodeproj"; path = "../IRCollectionTableViewModel-swift.xcodeproj"; sourceTree = "<group>"; };
		4A44E2AD2524610600CE3540 /* TableViewController.swift */ = {isa = PBXFileReference; lastKnownFileType = sourcecode.swift; path = TableViewController.swift; sourceTree = "<group>"; };
		4A44E2AE2524610600CE3540 /* TableViewController.xib */ = {isa = PBXFileReference; lastKnownFileType = file.xib; path = TableViewController.xib; sourceTree = "<group>"; };
		4A44E2B2252461A100CE3540 /* TableViewHeaderView.swift */ = {isa = PBXFileReference; lastKnownFileType = sourcecode.swift; path = TableViewHeaderView.swift; sourceTree = "<group>"; };
		4A44E2B4252461B300CE3540 /* TableViewHeaderView.xib */ = {isa = PBXFileReference; lastKnownFileType = file.xib; path = TableViewHeaderView.xib; sourceTree = "<group>"; };
		4A44E2B6252462A100CE3540 /* TableViewCell.swift */ = {isa = PBXFileReference; lastKnownFileType = sourcecode.swift; path = TableViewCell.swift; sourceTree = "<group>"; };
		4A44E2B7252462A100CE3540 /* TableViewCell.xib */ = {isa = PBXFileReference; lastKnownFileType = file.xib; path = TableViewCell.xib; sourceTree = "<group>"; };
		4A44E2BC2524637100CE3540 /* TableViewViewModel.swift */ = {isa = PBXFileReference; lastKnownFileType = sourcecode.swift; path = TableViewViewModel.swift; sourceTree = "<group>"; };
		4A44E2C225246FA300CE3540 /* TableViewSectionType.swift */ = {isa = PBXFileReference; lastKnownFileType = sourcecode.swift; path = TableViewSectionType.swift; sourceTree = "<group>"; };
		4A48753D25E0E84400BE80D4 /* CollectionViewController.swift */ = {isa = PBXFileReference; lastKnownFileType = sourcecode.swift; path = CollectionViewController.swift; sourceTree = "<group>"; };
		4A48753E25E0E84400BE80D4 /* CollectionViewController.xib */ = {isa = PBXFileReference; lastKnownFileType = file.xib; path = CollectionViewController.xib; sourceTree = "<group>"; };
		4A48754325E0E89600BE80D4 /* CollectionBrowser.swift */ = {isa = PBXFileReference; lastKnownFileType = sourcecode.swift; path = CollectionBrowser.swift; sourceTree = "<group>"; };
		4A48754525E0E89F00BE80D4 /* CollectionBrowser.xib */ = {isa = PBXFileReference; lastKnownFileType = file.xib; path = CollectionBrowser.xib; sourceTree = "<group>"; };
		4A48754925E0E8D000BE80D4 /* CollectionBrowserViewModel.swift */ = {isa = PBXFileReference; lastKnownFileType = sourcecode.swift; path = CollectionBrowserViewModel.swift; sourceTree = "<group>"; };
		4A48754B25E0E8F800BE80D4 /* MonitorableFolderClass.swift */ = {isa = PBXFileReference; lastKnownFileType = sourcecode.swift; path = MonitorableFolderClass.swift; sourceTree = "<group>"; };
		4A48754D25E0E90200BE80D4 /* MonitorableFileClass.swift */ = {isa = PBXFileReference; lastKnownFileType = sourcecode.swift; path = MonitorableFileClass.swift; sourceTree = "<group>"; };
		4A48754F25E0E91300BE80D4 /* Monitorable.swift */ = {isa = PBXFileReference; lastKnownFileType = sourcecode.swift; path = Monitorable.swift; sourceTree = "<group>"; };
		4A48755125E0E93600BE80D4 /* MonitorBrowserSectionType.swift */ = {isa = PBXFileReference; lastKnownFileType = sourcecode.swift; path = MonitorBrowserSectionType.swift; sourceTree = "<group>"; };
		4A48755325E0E94F00BE80D4 /* MonitorHeaderView.swift */ = {isa = PBXFileReference; lastKnownFileType = sourcecode.swift; path = MonitorHeaderView.swift; sourceTree = "<group>"; };
		4A48755525E0E95700BE80D4 /* MonitorHeaderView.xib */ = {isa = PBXFileReference; lastKnownFileType = file.xib; path = MonitorHeaderView.xib; sourceTree = "<group>"; };
		4A48755725E0E96C00BE80D4 /* MonitorFolderTableViewCell.swift */ = {isa = PBXFileReference; lastKnownFileType = sourcecode.swift; path = MonitorFolderTableViewCell.swift; sourceTree = "<group>"; };
		4A48755825E0E96C00BE80D4 /* MonitorFolderTableViewCell.xib */ = {isa = PBXFileReference; lastKnownFileType = file.xib; path = MonitorFolderTableViewCell.xib; sourceTree = "<group>"; };
		4A48755B25E0E97C00BE80D4 /* MonitorFileTableViewCell.swift */ = {isa = PBXFileReference; lastKnownFileType = sourcecode.swift; path = MonitorFileTableViewCell.swift; sourceTree = "<group>"; };
		4A48755C25E0E97C00BE80D4 /* MonitorFileTableViewCell.xib */ = {isa = PBXFileReference; lastKnownFileType = file.xib; path = MonitorFileTableViewCell.xib; sourceTree = "<group>"; };
		4A48755F25E0E99500BE80D4 /* MonitorFileCollectionViewCell.swift */ = {isa = PBXFileReference; lastKnownFileType = sourcecode.swift; path = MonitorFileCollectionViewCell.swift; sourceTree = "<group>"; };
		4A48756025E0E99500BE80D4 /* MonitorFileCollectionViewCell.xib */ = {isa = PBXFileReference; lastKnownFileType = file.xib; path = MonitorFileCollectionViewCell.xib; sourceTree = "<group>"; };
		4A48756325E0E9AE00BE80D4 /* MonitorFolderCollectionViewCell.swift */ = {isa = PBXFileReference; lastKnownFileType = sourcecode.swift; path = MonitorFolderCollectionViewCell.swift; sourceTree = "<group>"; };
		4A48756425E0E9AE00BE80D4 /* MonitorFolderCollectionViewCell.xib */ = {isa = PBXFileReference; lastKnownFileType = file.xib; path = MonitorFolderCollectionViewCell.xib; sourceTree = "<group>"; };
		4A48756725E0E9D100BE80D4 /* CustomCollectionView.swift */ = {isa = PBXFileReference; lastKnownFileType = sourcecode.swift; path = CustomCollectionView.swift; sourceTree = "<group>"; };
/* End PBXFileReference section */

/* Begin PBXFrameworksBuildPhase section */
		4A44E27D252326DC00CE3540 /* Frameworks */ = {
			isa = PBXFrameworksBuildPhase;
			buildActionMask = 2147483647;
			files = (
				4A44E2C42524730F00CE3540 /* IRCollectionTableViewModel_swift.framework in Frameworks */,
			);
			runOnlyForDeploymentPostprocessing = 0;
		};
/* End PBXFrameworksBuildPhase section */

/* Begin PBXGroup section */
		4A44E277252326DC00CE3540 = {
			isa = PBXGroup;
			children = (
				4A44E297252326F400CE3540 /* IRCollectionTableViewModel-swift.xcodeproj */,
				4A44E282252326DC00CE3540 /* demo */,
				4A44E281252326DC00CE3540 /* Products */,
				4A44E2BE252463EC00CE3540 /* Frameworks */,
			);
			sourceTree = "<group>";
		};
		4A44E281252326DC00CE3540 /* Products */ = {
			isa = PBXGroup;
			children = (
				4A44E280252326DC00CE3540 /* demo.app */,
			);
			name = Products;
			sourceTree = "<group>";
		};
		4A44E282252326DC00CE3540 /* demo */ = {
			isa = PBXGroup;
			children = (
				4A48754225E0E87200BE80D4 /* CollectionView */,
				4A44E2B12524618700CE3540 /* TableView */,
				4A44E283252326DC00CE3540 /* AppDelegate.swift */,
				4A44E285252326DC00CE3540 /* SceneDelegate.swift */,
				4A44E287252326DC00CE3540 /* ViewController.swift */,
				4A44E2AD2524610600CE3540 /* TableViewController.swift */,
				4A44E2AE2524610600CE3540 /* TableViewController.xib */,
				4A48753D25E0E84400BE80D4 /* CollectionViewController.swift */,
				4A48753E25E0E84400BE80D4 /* CollectionViewController.xib */,
				4A44E289252326DC00CE3540 /* Main.storyboard */,
				4A44E28C252326DF00CE3540 /* Assets.xcassets */,
				4A44E28E252326DF00CE3540 /* LaunchScreen.storyboard */,
				4A44E291252326DF00CE3540 /* Info.plist */,
			);
			path = demo;
			sourceTree = "<group>";
		};
		4A44E298252326F400CE3540 /* Products */ = {
			isa = PBXGroup;
			children = (
				4A44E29C252326F400CE3540 /* IRCollectionTableViewModel_swift.framework */,
			);
			name = Products;
			sourceTree = "<group>";
		};
		4A44E2B12524618700CE3540 /* TableView */ = {
			isa = PBXGroup;
			children = (
				4A44E2BB2524635500CE3540 /* View */,
				4A44E2BA2524634F00CE3540 /* Model */,
			);
			path = TableView;
			sourceTree = "<group>";
		};
		4A44E2BA2524634F00CE3540 /* Model */ = {
			isa = PBXGroup;
			children = (
				4A44E2BC2524637100CE3540 /* TableViewViewModel.swift */,
				4A44E2C225246FA300CE3540 /* TableViewSectionType.swift */,
			);
			path = Model;
			sourceTree = "<group>";
		};
		4A44E2BB2524635500CE3540 /* View */ = {
			isa = PBXGroup;
			children = (
				4A44E2B2252461A100CE3540 /* TableViewHeaderView.swift */,
				4A44E2B4252461B300CE3540 /* TableViewHeaderView.xib */,
				4A44E2B6252462A100CE3540 /* TableViewCell.swift */,
				4A44E2B7252462A100CE3540 /* TableViewCell.xib */,
			);
			path = View;
			sourceTree = "<group>";
		};
		4A44E2BE252463EC00CE3540 /* Frameworks */ = {
			isa = PBXGroup;
			children = (
			);
			name = Frameworks;
			sourceTree = "<group>";
		};
		4A48754225E0E87200BE80D4 /* CollectionView */ = {
			isa = PBXGroup;
			children = (
				4A48754325E0E89600BE80D4 /* CollectionBrowser.swift */,
				4A48754525E0E89F00BE80D4 /* CollectionBrowser.xib */,
				4A48754825E0E8AC00BE80D4 /* Model */,
				4A48754725E0E8A500BE80D4 /* View */,
			);
			path = CollectionView;
			sourceTree = "<group>";
		};
		4A48754725E0E8A500BE80D4 /* View */ = {
			isa = PBXGroup;
			children = (
				4A48755325E0E94F00BE80D4 /* MonitorHeaderView.swift */,
				4A48755525E0E95700BE80D4 /* MonitorHeaderView.xib */,
				4A48755725E0E96C00BE80D4 /* MonitorFolderTableViewCell.swift */,
				4A48755825E0E96C00BE80D4 /* MonitorFolderTableViewCell.xib */,
				4A48755B25E0E97C00BE80D4 /* MonitorFileTableViewCell.swift */,
				4A48755C25E0E97C00BE80D4 /* MonitorFileTableViewCell.xib */,
				4A48755F25E0E99500BE80D4 /* MonitorFileCollectionViewCell.swift */,
				4A48756025E0E99500BE80D4 /* MonitorFileCollectionViewCell.xib */,
				4A48756325E0E9AE00BE80D4 /* MonitorFolderCollectionViewCell.swift */,
				4A48756425E0E9AE00BE80D4 /* MonitorFolderCollectionViewCell.xib */,
				4A48756725E0E9D100BE80D4 /* CustomCollectionView.swift */,
			);
			path = View;
			sourceTree = "<group>";
		};
		4A48754825E0E8AC00BE80D4 /* Model */ = {
			isa = PBXGroup;
			children = (
				4A48754F25E0E91300BE80D4 /* Monitorable.swift */,
				4A48754925E0E8D000BE80D4 /* CollectionBrowserViewModel.swift */,
				4A48755125E0E93600BE80D4 /* MonitorBrowserSectionType.swift */,
				4A48754B25E0E8F800BE80D4 /* MonitorableFolderClass.swift */,
				4A48754D25E0E90200BE80D4 /* MonitorableFileClass.swift */,
			);
			path = Model;
			sourceTree = "<group>";
		};
/* End PBXGroup section */

/* Begin PBXNativeTarget section */
		4A44E27F252326DC00CE3540 /* demo */ = {
			isa = PBXNativeTarget;
			buildConfigurationList = 4A44E294252326DF00CE3540 /* Build configuration list for PBXNativeTarget "demo" */;
			buildPhases = (
				4A44E27C252326DC00CE3540 /* Sources */,
				4A44E27D252326DC00CE3540 /* Frameworks */,
				4A44E27E252326DC00CE3540 /* Resources */,
				4A44E2C62524731000CE3540 /* Embed Frameworks */,
			);
			buildRules = (
			);
			dependencies = (
			);
			name = demo;
			productName = demo;
			productReference = 4A44E280252326DC00CE3540 /* demo.app */;
			productType = "com.apple.product-type.application";
		};
/* End PBXNativeTarget section */

/* Begin PBXProject section */
		4A44E278252326DC00CE3540 /* Project object */ = {
			isa = PBXProject;
			attributes = {
				LastSwiftUpdateCheck = 1160;
				LastUpgradeCheck = 1160;
				ORGANIZATIONNAME = Phil;
				TargetAttributes = {
					4A44E27F252326DC00CE3540 = {
						CreatedOnToolsVersion = 11.6;
					};
				};
			};
			buildConfigurationList = 4A44E27B252326DC00CE3540 /* Build configuration list for PBXProject "demo" */;
			compatibilityVersion = "Xcode 9.3";
			developmentRegion = en;
			hasScannedForEncodings = 0;
			knownRegions = (
				en,
				Base,
			);
			mainGroup = 4A44E277252326DC00CE3540;
			productRefGroup = 4A44E281252326DC00CE3540 /* Products */;
			projectDirPath = "";
			projectReferences = (
				{
					ProductGroup = 4A44E298252326F400CE3540 /* Products */;
					ProjectRef = 4A44E297252326F400CE3540 /* IRCollectionTableViewModel-swift.xcodeproj */;
				},
			);
			projectRoot = "";
			targets = (
				4A44E27F252326DC00CE3540 /* demo */,
			);
		};
/* End PBXProject section */

/* Begin PBXReferenceProxy section */
		4A44E29C252326F400CE3540 /* IRCollectionTableViewModel_swift.framework */ = {
			isa = PBXReferenceProxy;
			fileType = wrapper.framework;
			path = IRCollectionTableViewModel_swift.framework;
			remoteRef = 4A44E29B252326F400CE3540 /* PBXContainerItemProxy */;
			sourceTree = BUILT_PRODUCTS_DIR;
		};
/* End PBXReferenceProxy section */

/* Begin PBXResourcesBuildPhase section */
		4A44E27E252326DC00CE3540 /* Resources */ = {
			isa = PBXResourcesBuildPhase;
			buildActionMask = 2147483647;
			files = (
				4A44E290252326DF00CE3540 /* LaunchScreen.storyboard in Resources */,
				4A44E2B9252462A100CE3540 /* TableViewCell.xib in Resources */,
				4A48755E25E0E97C00BE80D4 /* MonitorFileTableViewCell.xib in Resources */,
				4A48754025E0E84400BE80D4 /* CollectionViewController.xib in Resources */,
				4A44E28D252326DF00CE3540 /* Assets.xcassets in Resources */,
				4A44E28B252326DC00CE3540 /* Main.storyboard in Resources */,
				4A44E2B02524610600CE3540 /* TableViewController.xib in Resources */,
				4A48756225E0E99500BE80D4 /* MonitorFileCollectionViewCell.xib in Resources */,
				4A48755A25E0E96C00BE80D4 /* MonitorFolderTableViewCell.xib in Resources */,
				4A48755625E0E95700BE80D4 /* MonitorHeaderView.xib in Resources */,
				4A48754625E0E89F00BE80D4 /* CollectionBrowser.xib in Resources */,
				4A44E2B5252461B300CE3540 /* TableViewHeaderView.xib in Resources */,
				4A48756625E0E9AE00BE80D4 /* MonitorFolderCollectionViewCell.xib in Resources */,
			);
			runOnlyForDeploymentPostprocessing = 0;
		};
/* End PBXResourcesBuildPhase section */

/* Begin PBXSourcesBuildPhase section */
		4A44E27C252326DC00CE3540 /* Sources */ = {
			isa = PBXSourcesBuildPhase;
			buildActionMask = 2147483647;
			files = (
				4A48755025E0E91300BE80D4 /* Monitorable.swift in Sources */,
				4A48753F25E0E84400BE80D4 /* CollectionViewController.swift in Sources */,
				4A44E288252326DC00CE3540 /* ViewController.swift in Sources */,
				4A48756525E0E9AE00BE80D4 /* MonitorFolderCollectionViewCell.swift in Sources */,
				4A48754A25E0E8D000BE80D4 /* CollectionBrowserViewModel.swift in Sources */,
				4A44E2BD2524637100CE3540 /* TableViewViewModel.swift in Sources */,
				4A44E2B3252461A100CE3540 /* TableViewHeaderView.swift in Sources */,
				4A48754C25E0E8F800BE80D4 /* MonitorableFolderClass.swift in Sources */,
				4A48754E25E0E90200BE80D4 /* MonitorableFileClass.swift in Sources */,
				4A48755925E0E96C00BE80D4 /* MonitorFolderTableViewCell.swift in Sources */,
				4A48755225E0E93600BE80D4 /* MonitorBrowserSectionType.swift in Sources */,
				4A44E284252326DC00CE3540 /* AppDelegate.swift in Sources */,
				4A48756825E0E9D100BE80D4 /* CustomCollectionView.swift in Sources */,
				4A44E2B8252462A100CE3540 /* TableViewCell.swift in Sources */,
				4A48756125E0E99500BE80D4 /* MonitorFileCollectionViewCell.swift in Sources */,
				4A48754425E0E89600BE80D4 /* CollectionBrowser.swift in Sources */,
				4A44E286252326DC00CE3540 /* SceneDelegate.swift in Sources */,
				4A44E2AF2524610600CE3540 /* TableViewController.swift in Sources */,
				4A48755425E0E94F00BE80D4 /* MonitorHeaderView.swift in Sources */,
				4A48755D25E0E97C00BE80D4 /* MonitorFileTableViewCell.swift in Sources */,
				4A44E2C325246FA300CE3540 /* TableViewSectionType.swift in Sources */,
			);
			runOnlyForDeploymentPostprocessing = 0;
		};
/* End PBXSourcesBuildPhase section */

/* Begin PBXVariantGroup section */
		4A44E289252326DC00CE3540 /* Main.storyboard */ = {
			isa = PBXVariantGroup;
			children = (
				4A44E28A252326DC00CE3540 /* Base */,
			);
			name = Main.storyboard;
			sourceTree = "<group>";
		};
		4A44E28E252326DF00CE3540 /* LaunchScreen.storyboard */ = {
			isa = PBXVariantGroup;
			children = (
				4A44E28F252326DF00CE3540 /* Base */,
			);
			name = LaunchScreen.storyboard;
			sourceTree = "<group>";
		};
/* End PBXVariantGroup section */

/* Begin XCBuildConfiguration section */
		4A44E292252326DF00CE3540 /* Debug */ = {
			isa = XCBuildConfiguration;
			buildSettings = {
				ALWAYS_SEARCH_USER_PATHS = NO;
				CLANG_ANALYZER_NONNULL = YES;
				CLANG_ANALYZER_NUMBER_OBJECT_CONVERSION = YES_AGGRESSIVE;
				CLANG_CXX_LANGUAGE_STANDARD = "gnu++14";
				CLANG_CXX_LIBRARY = "libc++";
				CLANG_ENABLE_MODULES = YES;
				CLANG_ENABLE_OBJC_ARC = YES;
				CLANG_ENABLE_OBJC_WEAK = YES;
				CLANG_WARN_BLOCK_CAPTURE_AUTORELEASING = YES;
				CLANG_WARN_BOOL_CONVERSION = YES;
				CLANG_WARN_COMMA = YES;
				CLANG_WARN_CONSTANT_CONVERSION = YES;
				CLANG_WARN_DEPRECATED_OBJC_IMPLEMENTATIONS = YES;
				CLANG_WARN_DIRECT_OBJC_ISA_USAGE = YES_ERROR;
				CLANG_WARN_DOCUMENTATION_COMMENTS = YES;
				CLANG_WARN_EMPTY_BODY = YES;
				CLANG_WARN_ENUM_CONVERSION = YES;
				CLANG_WARN_INFINITE_RECURSION = YES;
				CLANG_WARN_INT_CONVERSION = YES;
				CLANG_WARN_NON_LITERAL_NULL_CONVERSION = YES;
				CLANG_WARN_OBJC_IMPLICIT_RETAIN_SELF = YES;
				CLANG_WARN_OBJC_LITERAL_CONVERSION = YES;
				CLANG_WARN_OBJC_ROOT_CLASS = YES_ERROR;
				CLANG_WARN_RANGE_LOOP_ANALYSIS = YES;
				CLANG_WARN_STRICT_PROTOTYPES = YES;
				CLANG_WARN_SUSPICIOUS_MOVE = YES;
				CLANG_WARN_UNGUARDED_AVAILABILITY = YES_AGGRESSIVE;
				CLANG_WARN_UNREACHABLE_CODE = YES;
				CLANG_WARN__DUPLICATE_METHOD_MATCH = YES;
				COPY_PHASE_STRIP = NO;
				DEBUG_INFORMATION_FORMAT = dwarf;
				ENABLE_STRICT_OBJC_MSGSEND = YES;
				ENABLE_TESTABILITY = YES;
				GCC_C_LANGUAGE_STANDARD = gnu11;
				GCC_DYNAMIC_NO_PIC = NO;
				GCC_NO_COMMON_BLOCKS = YES;
				GCC_OPTIMIZATION_LEVEL = 0;
				GCC_PREPROCESSOR_DEFINITIONS = (
					"DEBUG=1",
					"$(inherited)",
				);
				GCC_WARN_64_TO_32_BIT_CONVERSION = YES;
				GCC_WARN_ABOUT_RETURN_TYPE = YES_ERROR;
				GCC_WARN_UNDECLARED_SELECTOR = YES;
				GCC_WARN_UNINITIALIZED_AUTOS = YES_AGGRESSIVE;
				GCC_WARN_UNUSED_FUNCTION = YES;
				GCC_WARN_UNUSED_VARIABLE = YES;
				IPHONEOS_DEPLOYMENT_TARGET = 13.0;
				MTL_ENABLE_DEBUG_INFO = INCLUDE_SOURCE;
				MTL_FAST_MATH = YES;
				ONLY_ACTIVE_ARCH = YES;
				SDKROOT = iphoneos;
				SUPPORTED_PLATFORMS = "iphonesimulator iphoneos";
				SWIFT_ACTIVE_COMPILATION_CONDITIONS = DEBUG;
				SWIFT_OPTIMIZATION_LEVEL = "-Onone";
			};
			name = Debug;
		};
		4A44E293252326DF00CE3540 /* Release */ = {
			isa = XCBuildConfiguration;
			buildSettings = {
				ALWAYS_SEARCH_USER_PATHS = NO;
				CLANG_ANALYZER_NONNULL = YES;
				CLANG_ANALYZER_NUMBER_OBJECT_CONVERSION = YES_AGGRESSIVE;
				CLANG_CXX_LANGUAGE_STANDARD = "gnu++14";
				CLANG_CXX_LIBRARY = "libc++";
				CLANG_ENABLE_MODULES = YES;
				CLANG_ENABLE_OBJC_ARC = YES;
				CLANG_ENABLE_OBJC_WEAK = YES;
				CLANG_WARN_BLOCK_CAPTURE_AUTORELEASING = YES;
				CLANG_WARN_BOOL_CONVERSION = YES;
				CLANG_WARN_COMMA = YES;
				CLANG_WARN_CONSTANT_CONVERSION = YES;
				CLANG_WARN_DEPRECATED_OBJC_IMPLEMENTATIONS = YES;
				CLANG_WARN_DIRECT_OBJC_ISA_USAGE = YES_ERROR;
				CLANG_WARN_DOCUMENTATION_COMMENTS = YES;
				CLANG_WARN_EMPTY_BODY = YES;
				CLANG_WARN_ENUM_CONVERSION = YES;
				CLANG_WARN_INFINITE_RECURSION = YES;
				CLANG_WARN_INT_CONVERSION = YES;
				CLANG_WARN_NON_LITERAL_NULL_CONVERSION = YES;
				CLANG_WARN_OBJC_IMPLICIT_RETAIN_SELF = YES;
				CLANG_WARN_OBJC_LITERAL_CONVERSION = YES;
				CLANG_WARN_OBJC_ROOT_CLASS = YES_ERROR;
				CLANG_WARN_RANGE_LOOP_ANALYSIS = YES;
				CLANG_WARN_STRICT_PROTOTYPES = YES;
				CLANG_WARN_SUSPICIOUS_MOVE = YES;
				CLANG_WARN_UNGUARDED_AVAILABILITY = YES_AGGRESSIVE;
				CLANG_WARN_UNREACHABLE_CODE = YES;
				CLANG_WARN__DUPLICATE_METHOD_MATCH = YES;
				COPY_PHASE_STRIP = NO;
				DEBUG_INFORMATION_FORMAT = "dwarf-with-dsym";
				ENABLE_NS_ASSERTIONS = NO;
				ENABLE_STRICT_OBJC_MSGSEND = YES;
				GCC_C_LANGUAGE_STANDARD = gnu11;
				GCC_NO_COMMON_BLOCKS = YES;
				GCC_WARN_64_TO_32_BIT_CONVERSION = YES;
				GCC_WARN_ABOUT_RETURN_TYPE = YES_ERROR;
				GCC_WARN_UNDECLARED_SELECTOR = YES;
				GCC_WARN_UNINITIALIZED_AUTOS = YES_AGGRESSIVE;
				GCC_WARN_UNUSED_FUNCTION = YES;
				GCC_WARN_UNUSED_VARIABLE = YES;
				IPHONEOS_DEPLOYMENT_TARGET = 13.0;
				MTL_ENABLE_DEBUG_INFO = NO;
				MTL_FAST_MATH = YES;
				SDKROOT = iphoneos;
				SUPPORTED_PLATFORMS = "iphonesimulator iphoneos";
				SWIFT_COMPILATION_MODE = wholemodule;
				SWIFT_OPTIMIZATION_LEVEL = "-O";
				VALIDATE_PRODUCT = YES;
			};
			name = Release;
		};
		4A44E295252326DF00CE3540 /* Debug */ = {
			isa = XCBuildConfiguration;
			buildSettings = {
				ASSETCATALOG_COMPILER_APPICON_NAME = AppIcon;
				CODE_SIGN_STYLE = Automatic;
				DEVELOPMENT_TEAM = T6VV6T753H;
				INFOPLIST_FILE = demo/Info.plist;
				IPHONEOS_DEPLOYMENT_TARGET = 13.0;
				LD_RUNPATH_SEARCH_PATHS = (
					"$(inherited)",
					"@executable_path/Frameworks",
				);
				PRODUCT_BUNDLE_IDENTIFIER = irons163.demo;
				PRODUCT_NAME = "$(TARGET_NAME)";
				SWIFT_VERSION = 5.0;
				TARGETED_DEVICE_FAMILY = "1,2";
			};
			name = Debug;
		};
		4A44E296252326DF00CE3540 /* Release */ = {
			isa = XCBuildConfiguration;
			buildSettings = {
				ASSETCATALOG_COMPILER_APPICON_NAME = AppIcon;
				CODE_SIGN_STYLE = Automatic;
				DEVELOPMENT_TEAM = T6VV6T753H;
				INFOPLIST_FILE = demo/Info.plist;
				IPHONEOS_DEPLOYMENT_TARGET = 13.0;
				LD_RUNPATH_SEARCH_PATHS = (
					"$(inherited)",
					"@executable_path/Frameworks",
				);
				PRODUCT_BUNDLE_IDENTIFIER = irons163.demo;
				PRODUCT_NAME = "$(TARGET_NAME)";
				SWIFT_VERSION = 5.0;
				TARGETED_DEVICE_FAMILY = "1,2";
			};
			name = Release;
		};
/* End XCBuildConfiguration section */

/* Begin XCConfigurationList section */
		4A44E27B252326DC00CE3540 /* Build configuration list for PBXProject "demo" */ = {
			isa = XCConfigurationList;
			buildConfigurations = (
				4A44E292252326DF00CE3540 /* Debug */,
				4A44E293252326DF00CE3540 /* Release */,
			);
			defaultConfigurationIsVisible = 0;
			defaultConfigurationName = Release;
		};
		4A44E294252326DF00CE3540 /* Build configuration list for PBXNativeTarget "demo" */ = {
			isa = XCConfigurationList;
			buildConfigurations = (
				4A44E295252326DF00CE3540 /* Debug */,
				4A44E296252326DF00CE3540 /* Release */,
			);
			defaultConfigurationIsVisible = 0;
			defaultConfigurationName = Release;
		};
/* End XCConfigurationList section */
	};
	rootObject = 4A44E278252326DC00CE3540 /* Project object */;
}
